// !$*UTF8*$!
{
	archiveVersion = 1;
	classes = {
	};
	objectVersion = 46;
	objects = {

/* Begin PBXBuildFile section */
		5501ADF3116F552D0085A394 /* SCRSegmentColorScheme.h in Headers */ = {isa = PBXBuildFile; fileRef = 5501ADF2116F552D0085A394 /* SCRSegmentColorScheme.h */; };
		55031A8511C26ABB00143777 /* UIApplication+UniversalApp.h in Headers */ = {isa = PBXBuildFile; fileRef = 55031A8311C26ABB00143777 /* UIApplication+UniversalApp.h */; };
		55031A8611C26ABB00143777 /* UIApplication+UniversalApp.m in Sources */ = {isa = PBXBuildFile; fileRef = 55031A8411C26ABB00143777 /* UIApplication+UniversalApp.m */; };
		55031B3711C2B03B00143777 /* UIApplication+LocalNotifications.h in Headers */ = {isa = PBXBuildFile; fileRef = 55031B3511C2B03B00143777 /* UIApplication+LocalNotifications.h */; };
		55031B3811C2B03B00143777 /* UIApplication+LocalNotifications.m in Sources */ = {isa = PBXBuildFile; fileRef = 55031B3611C2B03B00143777 /* UIApplication+LocalNotifications.m */; };
		551490A01149012600B7E4DA /* SCRRadioCell.h in Headers */ = {isa = PBXBuildFile; fileRef = 5514909C1149012600B7E4DA /* SCRRadioCell.h */; };
		551490A11149012600B7E4DA /* SCRRadioCell.m in Sources */ = {isa = PBXBuildFile; fileRef = 5514909D1149012600B7E4DA /* SCRRadioCell.m */; };
		551490A21149012600B7E4DA /* SCRRadioController.h in Headers */ = {isa = PBXBuildFile; fileRef = 5514909E1149012600B7E4DA /* SCRRadioController.h */; };
		551490A31149012600B7E4DA /* SCRRadioController.m in Sources */ = {isa = PBXBuildFile; fileRef = 5514909F1149012600B7E4DA /* SCRRadioController.m */; };
		55149458114A74FC00B7E4DA /* SCRFooterLabel.h in Headers */ = {isa = PBXBuildFile; fileRef = 55149456114A74FC00B7E4DA /* SCRFooterLabel.h */; };
		55149459114A74FC00B7E4DA /* SCRFooterLabel.m in Sources */ = {isa = PBXBuildFile; fileRef = 55149457114A74FC00B7E4DA /* SCRFooterLabel.m */; };
		5530E13D11406149004E436A /* SCRSymbolicProgressBar.h in Headers */ = {isa = PBXBuildFile; fileRef = 5530E13B11406149004E436A /* SCRSymbolicProgressBar.h */; };
		5530E13E11406149004E436A /* SCRSymbolicProgressBar.m in Sources */ = {isa = PBXBuildFile; fileRef = 5530E13C11406149004E436A /* SCRSymbolicProgressBar.m */; };
		5553ADE0114FB58D0088FC57 /* SCRActivityIndicatorCell.h in Headers */ = {isa = PBXBuildFile; fileRef = 5553ADDE114FB58D0088FC57 /* SCRActivityIndicatorCell.h */; };
		5553ADE1114FB58D0088FC57 /* SCRActivityIndicatorCell.m in Sources */ = {isa = PBXBuildFile; fileRef = 5553ADDF114FB58D0088FC57 /* SCRActivityIndicatorCell.m */; };
		555A3A4C114D4FA00040850F /* NSError+SCRMethods.h in Headers */ = {isa = PBXBuildFile; fileRef = 555A3A4A114D4FA00040850F /* NSError+SCRMethods.h */; };
		555A3A4D114D4FA00040850F /* NSError+SCRMethods.m in Sources */ = {isa = PBXBuildFile; fileRef = 555A3A4B114D4FA00040850F /* NSError+SCRMethods.m */; };
		555A3A87114D605F0040850F /* UIAlertView+SCRMethods.h in Headers */ = {isa = PBXBuildFile; fileRef = 555A3A85114D605F0040850F /* UIAlertView+SCRMethods.h */; };
		555A3A88114D605F0040850F /* UIAlertView+SCRMethods.m in Sources */ = {isa = PBXBuildFile; fileRef = 555A3A86114D605F0040850F /* UIAlertView+SCRMethods.m */; };
		5588F71B11197177002BF56E /* SCRMemoryManagement.h in Headers */ = {isa = PBXBuildFile; fileRef = 5588F71611197177002BF56E /* SCRMemoryManagement.h */; };
		5588F71C11197177002BF56E /* SCRRatingView.h in Headers */ = {isa = PBXBuildFile; fileRef = 5588F71711197177002BF56E /* SCRRatingView.h */; };
		5588F71D11197177002BF56E /* SCRRatingView.m in Sources */ = {isa = PBXBuildFile; fileRef = 5588F71811197177002BF56E /* SCRRatingView.m */; };
		5588F72111197407002BF56E /* UIKit.framework in Frameworks */ = {isa = PBXBuildFile; fileRef = 5588F72011197407002BF56E /* UIKit.framework */; };
		5588F74C1119773C002BF56E /* SCRGrfx.h in Headers */ = {isa = PBXBuildFile; fileRef = 5588F73E1119773C002BF56E /* SCRGrfx.h */; };
		5588F74D1119773C002BF56E /* SCRGrfx.m in Sources */ = {isa = PBXBuildFile; fileRef = 5588F73F1119773C002BF56E /* SCRGrfx.m */; };
		5588F75E1119774D002BF56E /* SCRViewSlider.h in Headers */ = {isa = PBXBuildFile; fileRef = 5588F75A1119774D002BF56E /* SCRViewSlider.h */; };
		5588F75F1119774D002BF56E /* SCRViewSlider.m in Sources */ = {isa = PBXBuildFile; fileRef = 5588F75B1119774D002BF56E /* SCRViewSlider.m */; };
		5588F7601119774D002BF56E /* SCRVoiceMeter.h in Headers */ = {isa = PBXBuildFile; fileRef = 5588F75C1119774D002BF56E /* SCRVoiceMeter.h */; };
		5588F7611119774D002BF56E /* SCRVoiceMeter.m in Sources */ = {isa = PBXBuildFile; fileRef = 5588F75D1119774D002BF56E /* SCRVoiceMeter.m */; };
		5588F76611197BBF002BF56E /* NSString+SCRMethods.h in Headers */ = {isa = PBXBuildFile; fileRef = 5588F76411197BBF002BF56E /* NSString+SCRMethods.h */; };
		5588F76711197BBF002BF56E /* NSString+SCRMethods.m in Sources */ = {isa = PBXBuildFile; fileRef = 5588F76511197BBF002BF56E /* NSString+SCRMethods.m */; };
		5588F79911197DFC002BF56E /* AVFoundation.framework in Frameworks */ = {isa = PBXBuildFile; fileRef = 5588F79811197DFC002BF56E /* AVFoundation.framework */; };
		5588F7A311197E0D002BF56E /* AudioToolbox.framework in Frameworks */ = {isa = PBXBuildFile; fileRef = 5588F7A211197E0D002BF56E /* AudioToolbox.framework */; };
		5588F7B311197E9A002BF56E /* CFNetwork.framework in Frameworks */ = {isa = PBXBuildFile; fileRef = 5588F7B211197E9A002BF56E /* CFNetwork.framework */; };
		559FC9B6111AE3F500A3A532 /* SCRSegment.h in Headers */ = {isa = PBXBuildFile; fileRef = 559FC9B2111AE3F500A3A532 /* SCRSegment.h */; };
		559FC9B7111AE3F500A3A532 /* SCRSegment.m in Sources */ = {isa = PBXBuildFile; fileRef = 559FC9B3111AE3F500A3A532 /* SCRSegment.m */; };
		559FC9B8111AE3F500A3A532 /* SCRSegmentedControl.h in Headers */ = {isa = PBXBuildFile; fileRef = 559FC9B4111AE3F500A3A532 /* SCRSegmentedControl.h */; };
		559FC9B9111AE3F500A3A532 /* SCRSegmentedControl.m in Sources */ = {isa = PBXBuildFile; fileRef = 559FC9B5111AE3F500A3A532 /* SCRSegmentedControl.m */; };
		55A111A411383C5200810178 /* SCRSettingsService.h in Headers */ = {isa = PBXBuildFile; fileRef = 55A111A211383C5200810178 /* SCRSettingsService.h */; };
		55A111A511383C5200810178 /* SCRSettingsService.m in Sources */ = {isa = PBXBuildFile; fileRef = 55A111A311383C5200810178 /* SCRSettingsService.m */; };
		55A111A811383C5F00810178 /* SCRAppDelegate.h in Headers */ = {isa = PBXBuildFile; fileRef = 55A111A611383C5F00810178 /* SCRAppDelegate.h */; };
		55A111A911383C5F00810178 /* SCRAppDelegate.m in Sources */ = {isa = PBXBuildFile; fileRef = 55A111A711383C5F00810178 /* SCRAppDelegate.m */; };
		55A55C0E1125E4DF0035CFBA /* SCRTabOrder.h in Headers */ = {isa = PBXBuildFile; fileRef = 55A55C0C1125E4DF0035CFBA /* SCRTabOrder.h */; };
		55A55C0F1125E4DF0035CFBA /* SCRTabOrder.m in Sources */ = {isa = PBXBuildFile; fileRef = 55A55C0D1125E4DF0035CFBA /* SCRTabOrder.m */; };
		55AD3975112D681F00E70986 /* SCRTextFieldCell.h in Headers */ = {isa = PBXBuildFile; fileRef = 55AD3973112D681F00E70986 /* SCRTextFieldCell.h */; };
		55AD3976112D681F00E70986 /* SCRTextFieldCell.m in Sources */ = {isa = PBXBuildFile; fileRef = 55AD3974112D681F00E70986 /* SCRTextFieldCell.m */; };
		55AD3982112D733D00E70986 /* SCRURLConnection.h in Headers */ = {isa = PBXBuildFile; fileRef = 55AD3981112D733D00E70986 /* SCRURLConnection.h */; };
		55AD3A4F112D92BD00E70986 /* SCRSwitchCell.h in Headers */ = {isa = PBXBuildFile; fileRef = 55AD3A4D112D92BD00E70986 /* SCRSwitchCell.h */; };
		55AD3A50112D92BD00E70986 /* SCRSwitchCell.m in Sources */ = {isa = PBXBuildFile; fileRef = 55AD3A4E112D92BD00E70986 /* SCRSwitchCell.m */; };
		55B66083115B7087009F3D3B /* UIActionSheet+SCRMethods.h in Headers */ = {isa = PBXBuildFile; fileRef = 55B66081115B7087009F3D3B /* UIActionSheet+SCRMethods.h */; };
		55B66084115B7087009F3D3B /* UIActionSheet+SCRMethods.m in Sources */ = {isa = PBXBuildFile; fileRef = 55B66082115B7087009F3D3B /* UIActionSheet+SCRMethods.m */; };
		55DDE2D413D8AD0100E000F2 /* SCRURLConnection.m in Sources */ = {isa = PBXBuildFile; fileRef = 55DDE2D213D8AD0100E000F2 /* SCRURLConnection.m */; };
		55E466F211203605000B710E /* NSMutableArray+SCRQueue.h in Headers */ = {isa = PBXBuildFile; fileRef = 55E466F011203605000B710E /* NSMutableArray+SCRQueue.h */; };
		55E466F311203605000B710E /* NSMutableArray+SCRQueue.m in Sources */ = {isa = PBXBuildFile; fileRef = 55E466F111203605000B710E /* NSMutableArray+SCRQueue.m */; };
		55E46A471120A786000B710E /* SCRLog.h in Headers */ = {isa = PBXBuildFile; fileRef = 55E46A461120A786000B710E /* SCRLog.h */; };
		55F0B0FF1211EE3600AFFD7E /* NSArray+Linq.h in Headers */ = {isa = PBXBuildFile; fileRef = 55F0B0FD1211EE3600AFFD7E /* NSArray+Linq.h */; };
		55F0B1001211EE3600AFFD7E /* NSArray+Linq.m in Sources */ = {isa = PBXBuildFile; fileRef = 55F0B0FE1211EE3600AFFD7E /* NSArray+Linq.m */; };
		55FE681D12770E750014AD9B /* SCROptionBasket.h in Headers */ = {isa = PBXBuildFile; fileRef = 55FE681912770E750014AD9B /* SCROptionBasket.h */; };
		55FE681E12770E750014AD9B /* SCROptionBasket.m in Sources */ = {isa = PBXBuildFile; fileRef = 55FE681A12770E750014AD9B /* SCROptionBasket.m */; };
		55FE681F12770E750014AD9B /* SCROptionTableController.h in Headers */ = {isa = PBXBuildFile; fileRef = 55FE681B12770E750014AD9B /* SCROptionTableController.h */; };
		55FE682012770E750014AD9B /* SCROptionTableController.m in Sources */ = {isa = PBXBuildFile; fileRef = 55FE681C12770E750014AD9B /* SCROptionTableController.m */; };
		AA747D9F0F9514B9006C5449 /* TouchCustoms_Prefix.pch in Headers */ = {isa = PBXBuildFile; fileRef = AA747D9E0F9514B9006C5449 /* TouchCustoms_Prefix.pch */; };
		AACBBE4A0F95108600F1A2B1 /* Foundation.framework in Frameworks */ = {isa = PBXBuildFile; fileRef = AACBBE490F95108600F1A2B1 /* Foundation.framework */; };
/* End PBXBuildFile section */

/* Begin PBXFileReference section */
		5501ADF2116F552D0085A394 /* SCRSegmentColorScheme.h */ = {isa = PBXFileReference; fileEncoding = 4; lastKnownFileType = sourcecode.c.h; lineEnding = 0; name = SCRSegmentColorScheme.h; path = Classes/SCRSegmentColorScheme.h; sourceTree = "<group>"; xcLanguageSpecificationIdentifier = xcode.lang.objcpp; };
		55031A8311C26ABB00143777 /* UIApplication+UniversalApp.h */ = {isa = PBXFileReference; fileEncoding = 4; lastKnownFileType = sourcecode.c.h; lineEnding = 0; name = "UIApplication+UniversalApp.h"; path = "Classes/UIApplication+UniversalApp.h"; sourceTree = "<group>"; xcLanguageSpecificationIdentifier = xcode.lang.objcpp; };
		55031A8411C26ABB00143777 /* UIApplication+UniversalApp.m */ = {isa = PBXFileReference; fileEncoding = 4; lastKnownFileType = sourcecode.c.objc; lineEnding = 0; name = "UIApplication+UniversalApp.m"; path = "Classes/UIApplication+UniversalApp.m"; sourceTree = "<group>"; xcLanguageSpecificationIdentifier = xcode.lang.objc; };
		55031B3511C2B03B00143777 /* UIApplication+LocalNotifications.h */ = {isa = PBXFileReference; fileEncoding = 4; lastKnownFileType = sourcecode.c.h; lineEnding = 0; name = "UIApplication+LocalNotifications.h"; path = "Classes/UIApplication+LocalNotifications.h"; sourceTree = "<group>"; xcLanguageSpecificationIdentifier = xcode.lang.objcpp; };
		55031B3611C2B03B00143777 /* UIApplication+LocalNotifications.m */ = {isa = PBXFileReference; fileEncoding = 4; lastKnownFileType = sourcecode.c.objc; lineEnding = 0; name = "UIApplication+LocalNotifications.m"; path = "Classes/UIApplication+LocalNotifications.m"; sourceTree = "<group>"; xcLanguageSpecificationIdentifier = xcode.lang.objc; };
		5514909C1149012600B7E4DA /* SCRRadioCell.h */ = {isa = PBXFileReference; fileEncoding = 4; lastKnownFileType = sourcecode.c.h; name = SCRRadioCell.h; path = Classes/SCRRadioCell.h; sourceTree = "<group>"; };
		5514909D1149012600B7E4DA /* SCRRadioCell.m */ = {isa = PBXFileReference; fileEncoding = 4; lastKnownFileType = sourcecode.c.objc; name = SCRRadioCell.m; path = Classes/SCRRadioCell.m; sourceTree = "<group>"; };
		5514909E1149012600B7E4DA /* SCRRadioController.h */ = {isa = PBXFileReference; fileEncoding = 4; lastKnownFileType = sourcecode.c.h; name = SCRRadioController.h; path = Classes/SCRRadioController.h; sourceTree = "<group>"; };
		5514909F1149012600B7E4DA /* SCRRadioController.m */ = {isa = PBXFileReference; fileEncoding = 4; lastKnownFileType = sourcecode.c.objc; name = SCRRadioController.m; path = Classes/SCRRadioController.m; sourceTree = "<group>"; };
		55149456114A74FC00B7E4DA /* SCRFooterLabel.h */ = {isa = PBXFileReference; fileEncoding = 4; lastKnownFileType = sourcecode.c.h; name = SCRFooterLabel.h; path = Classes/SCRFooterLabel.h; sourceTree = "<group>"; };
		55149457114A74FC00B7E4DA /* SCRFooterLabel.m */ = {isa = PBXFileReference; fileEncoding = 4; lastKnownFileType = sourcecode.c.objc; name = SCRFooterLabel.m; path = Classes/SCRFooterLabel.m; sourceTree = "<group>"; };
		5530E13B11406149004E436A /* SCRSymbolicProgressBar.h */ = {isa = PBXFileReference; fileEncoding = 4; lastKnownFileType = sourcecode.c.h; name = SCRSymbolicProgressBar.h; path = Classes/SCRSymbolicProgressBar.h; sourceTree = "<group>"; };
		5530E13C11406149004E436A /* SCRSymbolicProgressBar.m */ = {isa = PBXFileReference; fileEncoding = 4; lastKnownFileType = sourcecode.c.objc; name = SCRSymbolicProgressBar.m; path = Classes/SCRSymbolicProgressBar.m; sourceTree = "<group>"; };
		5553ADDE114FB58D0088FC57 /* SCRActivityIndicatorCell.h */ = {isa = PBXFileReference; fileEncoding = 4; lastKnownFileType = sourcecode.c.h; name = SCRActivityIndicatorCell.h; path = Classes/SCRActivityIndicatorCell.h; sourceTree = "<group>"; };
		5553ADDF114FB58D0088FC57 /* SCRActivityIndicatorCell.m */ = {isa = PBXFileReference; fileEncoding = 4; lastKnownFileType = sourcecode.c.objc; name = SCRActivityIndicatorCell.m; path = Classes/SCRActivityIndicatorCell.m; sourceTree = "<group>"; };
		555A3A4A114D4FA00040850F /* NSError+SCRMethods.h */ = {isa = PBXFileReference; fileEncoding = 4; lastKnownFileType = sourcecode.c.h; name = "NSError+SCRMethods.h"; path = "Classes/NSError+SCRMethods.h"; sourceTree = "<group>"; };
		555A3A4B114D4FA00040850F /* NSError+SCRMethods.m */ = {isa = PBXFileReference; fileEncoding = 4; lastKnownFileType = sourcecode.c.objc; name = "NSError+SCRMethods.m"; path = "Classes/NSError+SCRMethods.m"; sourceTree = "<group>"; };
		555A3A85114D605F0040850F /* UIAlertView+SCRMethods.h */ = {isa = PBXFileReference; fileEncoding = 4; lastKnownFileType = sourcecode.c.h; lineEnding = 0; name = "UIAlertView+SCRMethods.h"; path = "Classes/UIAlertView+SCRMethods.h"; sourceTree = "<group>"; xcLanguageSpecificationIdentifier = xcode.lang.objcpp; };
		555A3A86114D605F0040850F /* UIAlertView+SCRMethods.m */ = {isa = PBXFileReference; fileEncoding = 4; lastKnownFileType = sourcecode.c.objc; lineEnding = 0; name = "UIAlertView+SCRMethods.m"; path = "Classes/UIAlertView+SCRMethods.m"; sourceTree = "<group>"; xcLanguageSpecificationIdentifier = xcode.lang.objc; };
		5588F71611197177002BF56E /* SCRMemoryManagement.h */ = {isa = PBXFileReference; fileEncoding = 4; lastKnownFileType = sourcecode.c.h; lineEnding = 0; name = SCRMemoryManagement.h; path = Classes/SCRMemoryManagement.h; sourceTree = "<group>"; xcLanguageSpecificationIdentifier = xcode.lang.objcpp; };
		5588F71711197177002BF56E /* SCRRatingView.h */ = {isa = PBXFileReference; fileEncoding = 4; lastKnownFileType = sourcecode.c.h; name = SCRRatingView.h; path = Classes/SCRRatingView.h; sourceTree = "<group>"; };
		5588F71811197177002BF56E /* SCRRatingView.m */ = {isa = PBXFileReference; fileEncoding = 4; lastKnownFileType = sourcecode.c.objc; name = SCRRatingView.m; path = Classes/SCRRatingView.m; sourceTree = "<group>"; };
		5588F72011197407002BF56E /* UIKit.framework */ = {isa = PBXFileReference; lastKnownFileType = wrapper.framework; name = UIKit.framework; path = System/Library/Frameworks/UIKit.framework; sourceTree = SDKROOT; };
		5588F73E1119773C002BF56E /* SCRGrfx.h */ = {isa = PBXFileReference; fileEncoding = 4; lastKnownFileType = sourcecode.c.h; name = SCRGrfx.h; path = Classes/SCRGrfx.h; sourceTree = "<group>"; };
		5588F73F1119773C002BF56E /* SCRGrfx.m */ = {isa = PBXFileReference; fileEncoding = 4; lastKnownFileType = sourcecode.c.objc; name = SCRGrfx.m; path = Classes/SCRGrfx.m; sourceTree = "<group>"; };
		5588F75A1119774D002BF56E /* SCRViewSlider.h */ = {isa = PBXFileReference; fileEncoding = 4; lastKnownFileType = sourcecode.c.h; lineEnding = 0; name = SCRViewSlider.h; path = Classes/SCRViewSlider.h; sourceTree = "<group>"; xcLanguageSpecificationIdentifier = xcode.lang.objcpp; };
		5588F75B1119774D002BF56E /* SCRViewSlider.m */ = {isa = PBXFileReference; fileEncoding = 4; lastKnownFileType = sourcecode.c.objc; lineEnding = 0; name = SCRViewSlider.m; path = Classes/SCRViewSlider.m; sourceTree = "<group>"; xcLanguageSpecificationIdentifier = xcode.lang.objc; };
		5588F75C1119774D002BF56E /* SCRVoiceMeter.h */ = {isa = PBXFileReference; fileEncoding = 4; lastKnownFileType = sourcecode.c.h; name = SCRVoiceMeter.h; path = Classes/SCRVoiceMeter.h; sourceTree = "<group>"; };
		5588F75D1119774D002BF56E /* SCRVoiceMeter.m */ = {isa = PBXFileReference; fileEncoding = 4; lastKnownFileType = sourcecode.c.objc; name = SCRVoiceMeter.m; path = Classes/SCRVoiceMeter.m; sourceTree = "<group>"; };
		5588F76411197BBF002BF56E /* NSString+SCRMethods.h */ = {isa = PBXFileReference; fileEncoding = 4; lastKnownFileType = sourcecode.c.h; lineEnding = 0; name = "NSString+SCRMethods.h"; path = "Classes/NSString+SCRMethods.h"; sourceTree = "<group>"; xcLanguageSpecificationIdentifier = xcode.lang.objcpp; };
		5588F76511197BBF002BF56E /* NSString+SCRMethods.m */ = {isa = PBXFileReference; fileEncoding = 4; lastKnownFileType = sourcecode.c.objc; lineEnding = 0; name = "NSString+SCRMethods.m"; path = "Classes/NSString+SCRMethods.m"; sourceTree = "<group>"; xcLanguageSpecificationIdentifier = xcode.lang.objc; };
		5588F79811197DFC002BF56E /* AVFoundation.framework */ = {isa = PBXFileReference; lastKnownFileType = wrapper.framework; name = AVFoundation.framework; path = System/Library/Frameworks/AVFoundation.framework; sourceTree = SDKROOT; };
		5588F7A211197E0D002BF56E /* AudioToolbox.framework */ = {isa = PBXFileReference; lastKnownFileType = wrapper.framework; name = AudioToolbox.framework; path = System/Library/Frameworks/AudioToolbox.framework; sourceTree = SDKROOT; };
		5588F7B211197E9A002BF56E /* CFNetwork.framework */ = {isa = PBXFileReference; lastKnownFileType = wrapper.framework; name = CFNetwork.framework; path = System/Library/Frameworks/CFNetwork.framework; sourceTree = SDKROOT; };
		559FC9B2111AE3F500A3A532 /* SCRSegment.h */ = {isa = PBXFileReference; fileEncoding = 4; lastKnownFileType = sourcecode.c.h; name = SCRSegment.h; path = Classes/SCRSegment.h; sourceTree = "<group>"; };
		559FC9B3111AE3F500A3A532 /* SCRSegment.m */ = {isa = PBXFileReference; fileEncoding = 4; lastKnownFileType = sourcecode.c.objc; name = SCRSegment.m; path = Classes/SCRSegment.m; sourceTree = "<group>"; };
		559FC9B4111AE3F500A3A532 /* SCRSegmentedControl.h */ = {isa = PBXFileReference; fileEncoding = 4; lastKnownFileType = sourcecode.c.h; name = SCRSegmentedControl.h; path = Classes/SCRSegmentedControl.h; sourceTree = "<group>"; };
		559FC9B5111AE3F500A3A532 /* SCRSegmentedControl.m */ = {isa = PBXFileReference; fileEncoding = 4; lastKnownFileType = sourcecode.c.objc; name = SCRSegmentedControl.m; path = Classes/SCRSegmentedControl.m; sourceTree = "<group>"; };
		55A111A211383C5200810178 /* SCRSettingsService.h */ = {isa = PBXFileReference; fileEncoding = 4; lastKnownFileType = sourcecode.c.h; name = SCRSettingsService.h; path = Classes/SCRSettingsService.h; sourceTree = "<group>"; };
		55A111A311383C5200810178 /* SCRSettingsService.m */ = {isa = PBXFileReference; fileEncoding = 4; lastKnownFileType = sourcecode.c.objc; name = SCRSettingsService.m; path = Classes/SCRSettingsService.m; sourceTree = "<group>"; };
		55A111A611383C5F00810178 /* SCRAppDelegate.h */ = {isa = PBXFileReference; fileEncoding = 4; lastKnownFileType = sourcecode.c.h; lineEnding = 0; name = SCRAppDelegate.h; path = Classes/SCRAppDelegate.h; sourceTree = "<group>"; xcLanguageSpecificationIdentifier = xcode.lang.objcpp; };
		55A111A711383C5F00810178 /* SCRAppDelegate.m */ = {isa = PBXFileReference; fileEncoding = 4; lastKnownFileType = sourcecode.c.objc; lineEnding = 0; name = SCRAppDelegate.m; path = Classes/SCRAppDelegate.m; sourceTree = "<group>"; xcLanguageSpecificationIdentifier = xcode.lang.objc; };
		55A55C0C1125E4DF0035CFBA /* SCRTabOrder.h */ = {isa = PBXFileReference; fileEncoding = 4; lastKnownFileType = sourcecode.c.h; lineEnding = 0; name = SCRTabOrder.h; path = Classes/SCRTabOrder.h; sourceTree = "<group>"; xcLanguageSpecificationIdentifier = xcode.lang.objcpp; };
		55A55C0D1125E4DF0035CFBA /* SCRTabOrder.m */ = {isa = PBXFileReference; fileEncoding = 4; lastKnownFileType = sourcecode.c.objc; lineEnding = 0; name = SCRTabOrder.m; path = Classes/SCRTabOrder.m; sourceTree = "<group>"; xcLanguageSpecificationIdentifier = xcode.lang.objc; };
		55AD3973112D681F00E70986 /* SCRTextFieldCell.h */ = {isa = PBXFileReference; fileEncoding = 4; lastKnownFileType = sourcecode.c.h; lineEnding = 0; name = SCRTextFieldCell.h; path = Classes/SCRTextFieldCell.h; sourceTree = "<group>"; xcLanguageSpecificationIdentifier = xcode.lang.objcpp; };
		55AD3974112D681F00E70986 /* SCRTextFieldCell.m */ = {isa = PBXFileReference; fileEncoding = 4; lastKnownFileType = sourcecode.c.objc; lineEnding = 0; name = SCRTextFieldCell.m; path = Classes/SCRTextFieldCell.m; sourceTree = "<group>"; xcLanguageSpecificationIdentifier = xcode.lang.objc; };
		55AD3981112D733D00E70986 /* SCRURLConnection.h */ = {isa = PBXFileReference; fileEncoding = 4; lastKnownFileType = sourcecode.c.h; lineEnding = 0; name = SCRURLConnection.h; path = Classes/SCRURLConnection.h; sourceTree = "<group>"; xcLanguageSpecificationIdentifier = xcode.lang.objcpp; };
		55AD3A4D112D92BD00E70986 /* SCRSwitchCell.h */ = {isa = PBXFileReference; fileEncoding = 4; lastKnownFileType = sourcecode.c.h; lineEnding = 0; name = SCRSwitchCell.h; path = Classes/SCRSwitchCell.h; sourceTree = "<group>"; xcLanguageSpecificationIdentifier = xcode.lang.objcpp; };
		55AD3A4E112D92BD00E70986 /* SCRSwitchCell.m */ = {isa = PBXFileReference; fileEncoding = 4; lastKnownFileType = sourcecode.c.objc; lineEnding = 0; name = SCRSwitchCell.m; path = Classes/SCRSwitchCell.m; sourceTree = "<group>"; xcLanguageSpecificationIdentifier = xcode.lang.objc; };
		55B66081115B7087009F3D3B /* UIActionSheet+SCRMethods.h */ = {isa = PBXFileReference; fileEncoding = 4; lastKnownFileType = sourcecode.c.h; lineEnding = 0; name = "UIActionSheet+SCRMethods.h"; path = "Classes/UIActionSheet+SCRMethods.h"; sourceTree = "<group>"; xcLanguageSpecificationIdentifier = xcode.lang.objcpp; };
		55B66082115B7087009F3D3B /* UIActionSheet+SCRMethods.m */ = {isa = PBXFileReference; fileEncoding = 4; lastKnownFileType = sourcecode.c.objc; lineEnding = 0; name = "UIActionSheet+SCRMethods.m"; path = "Classes/UIActionSheet+SCRMethods.m"; sourceTree = "<group>"; xcLanguageSpecificationIdentifier = xcode.lang.objc; };
		55DDE2D213D8AD0100E000F2 /* SCRURLConnection.m */ = {isa = PBXFileReference; fileEncoding = 4; lastKnownFileType = sourcecode.c.objc; name = SCRURLConnection.m; path = Classes/SCRURLConnection.m; sourceTree = "<group>"; };
		55E466F011203605000B710E /* NSMutableArray+SCRQueue.h */ = {isa = PBXFileReference; fileEncoding = 4; lastKnownFileType = sourcecode.c.h; name = "NSMutableArray+SCRQueue.h"; path = "Classes/NSMutableArray+SCRQueue.h"; sourceTree = "<group>"; };
		55E466F111203605000B710E /* NSMutableArray+SCRQueue.m */ = {isa = PBXFileReference; fileEncoding = 4; lastKnownFileType = sourcecode.c.objc; name = "NSMutableArray+SCRQueue.m"; path = "Classes/NSMutableArray+SCRQueue.m"; sourceTree = "<group>"; };
		55E46A461120A786000B710E /* SCRLog.h */ = {isa = PBXFileReference; fileEncoding = 4; lastKnownFileType = sourcecode.c.h; lineEnding = 0; name = SCRLog.h; path = Classes/SCRLog.h; sourceTree = "<group>"; xcLanguageSpecificationIdentifier = xcode.lang.objcpp; };
		55F0B0FD1211EE3600AFFD7E /* NSArray+Linq.h */ = {isa = PBXFileReference; fileEncoding = 4; lastKnownFileType = sourcecode.c.h; lineEnding = 0; name = "NSArray+Linq.h"; path = "Classes/NSArray+Linq.h"; sourceTree = "<group>"; xcLanguageSpecificationIdentifier = xcode.lang.objcpp; };
		55F0B0FE1211EE3600AFFD7E /* NSArray+Linq.m */ = {isa = PBXFileReference; fileEncoding = 4; lastKnownFileType = sourcecode.c.objc; lineEnding = 0; name = "NSArray+Linq.m"; path = "Classes/NSArray+Linq.m"; sourceTree = "<group>"; xcLanguageSpecificationIdentifier = xcode.lang.objc; };
		55FE681912770E750014AD9B /* SCROptionBasket.h */ = {isa = PBXFileReference; fileEncoding = 4; lastKnownFileType = sourcecode.c.h; lineEnding = 0; name = SCROptionBasket.h; path = Classes/SCROptionBasket.h; sourceTree = "<group>"; xcLanguageSpecificationIdentifier = xcode.lang.objcpp; };
		55FE681A12770E750014AD9B /* SCROptionBasket.m */ = {isa = PBXFileReference; fileEncoding = 4; lastKnownFileType = sourcecode.c.objc; lineEnding = 0; name = SCROptionBasket.m; path = Classes/SCROptionBasket.m; sourceTree = "<group>"; xcLanguageSpecificationIdentifier = xcode.lang.objc; };
		55FE681B12770E750014AD9B /* SCROptionTableController.h */ = {isa = PBXFileReference; fileEncoding = 4; lastKnownFileType = sourcecode.c.h; lineEnding = 0; name = SCROptionTableController.h; path = Classes/SCROptionTableController.h; sourceTree = "<group>"; xcLanguageSpecificationIdentifier = xcode.lang.objcpp; };
		55FE681C12770E750014AD9B /* SCROptionTableController.m */ = {isa = PBXFileReference; fileEncoding = 4; lastKnownFileType = sourcecode.c.objc; lineEnding = 0; name = SCROptionTableController.m; path = Classes/SCROptionTableController.m; sourceTree = "<group>"; xcLanguageSpecificationIdentifier = xcode.lang.objc; };
		AA747D9E0F9514B9006C5449 /* TouchCustoms_Prefix.pch */ = {isa = PBXFileReference; fileEncoding = 4; lastKnownFileType = sourcecode.c.h; path = TouchCustoms_Prefix.pch; sourceTree = SOURCE_ROOT; };
		AACBBE490F95108600F1A2B1 /* Foundation.framework */ = {isa = PBXFileReference; lastKnownFileType = wrapper.framework; name = Foundation.framework; path = System/Library/Frameworks/Foundation.framework; sourceTree = SDKROOT; };
		D2AAC07E0554694100DB518D /* libTouchCustoms.a */ = {isa = PBXFileReference; explicitFileType = archive.ar; includeInIndex = 0; path = libTouchCustoms.a; sourceTree = BUILT_PRODUCTS_DIR; };
/* End PBXFileReference section */

/* Begin PBXFrameworksBuildPhase section */
		D2AAC07C0554694100DB518D /* Frameworks */ = {
			isa = PBXFrameworksBuildPhase;
			buildActionMask = 2147483647;
			files = (
				AACBBE4A0F95108600F1A2B1 /* Foundation.framework in Frameworks */,
				5588F72111197407002BF56E /* UIKit.framework in Frameworks */,
				5588F79911197DFC002BF56E /* AVFoundation.framework in Frameworks */,
				5588F7A311197E0D002BF56E /* AudioToolbox.framework in Frameworks */,
				5588F7B311197E9A002BF56E /* CFNetwork.framework in Frameworks */,
			);
			runOnlyForDeploymentPostprocessing = 0;
		};
/* End PBXFrameworksBuildPhase section */

/* Begin PBXGroup section */
		034768DFFF38A50411DB9C8B /* Products */ = {
			isa = PBXGroup;
			children = (
				D2AAC07E0554694100DB518D /* libTouchCustoms.a */,
			);
			name = Products;
			sourceTree = "<group>";
		};
		0867D691FE84028FC02AAC07 /* TouchCustoms */ = {
			isa = PBXGroup;
			children = (
				08FB77AEFE84172EC02AAC07 /* Classes */,
				32C88DFF0371C24200C91783 /* Other Sources */,
				0867D69AFE84028FC02AAC07 /* Frameworks */,
				034768DFFF38A50411DB9C8B /* Products */,
			);
			name = TouchCustoms;
			sourceTree = "<group>";
		};
		0867D69AFE84028FC02AAC07 /* Frameworks */ = {
			isa = PBXGroup;
			children = (
				5588F79811197DFC002BF56E /* AVFoundation.framework */,
				5588F7A211197E0D002BF56E /* AudioToolbox.framework */,
				5588F7B211197E9A002BF56E /* CFNetwork.framework */,
				AACBBE490F95108600F1A2B1 /* Foundation.framework */,
				5588F72011197407002BF56E /* UIKit.framework */,
			);
			name = Frameworks;
			sourceTree = "<group>";
		};
		08FB77AEFE84172EC02AAC07 /* Classes */ = {
			isa = PBXGroup;
			children = (
				551490981149008200B7E4DA /* Graphics */,
				55149099114900A200B7E4DA /* Indicators */,
				5588F79611197DB4002BF56E /* Screen Stuff */,
				5514909A114900BC00B7E4DA /* Selectors */,
				55A1118A1138391F00810178 /* Settings */,
				5514909B114900E400B7E4DA /* TableView Stuff */,
				55F0B0FD1211EE3600AFFD7E /* NSArray+Linq.h */,
				55F0B0FE1211EE3600AFFD7E /* NSArray+Linq.m */,
				555A3A4A114D4FA00040850F /* NSError+SCRMethods.h */,
				555A3A4B114D4FA00040850F /* NSError+SCRMethods.m */,
				55E466F011203605000B710E /* NSMutableArray+SCRQueue.h */,
				55E466F111203605000B710E /* NSMutableArray+SCRQueue.m */,
				5588F76411197BBF002BF56E /* NSString+SCRMethods.h */,
				5588F76511197BBF002BF56E /* NSString+SCRMethods.m */,
				55A111A611383C5F00810178 /* SCRAppDelegate.h */,
				55A111A711383C5F00810178 /* SCRAppDelegate.m */,
				55E46A461120A786000B710E /* SCRLog.h */,
				5588F71611197177002BF56E /* SCRMemoryManagement.h */,
				55AD3981112D733D00E70986 /* SCRURLConnection.h */,
				55DDE2D213D8AD0100E000F2 /* SCRURLConnection.m */,
			);
			name = Classes;
			sourceTree = "<group>";
		};
		32C88DFF0371C24200C91783 /* Other Sources */ = {
			isa = PBXGroup;
			children = (
				AA747D9E0F9514B9006C5449 /* TouchCustoms_Prefix.pch */,
			);
			name = "Other Sources";
			sourceTree = "<group>";
		};
		551490981149008200B7E4DA /* Graphics */ = {
			isa = PBXGroup;
			children = (
				5588F73E1119773C002BF56E /* SCRGrfx.h */,
				5588F73F1119773C002BF56E /* SCRGrfx.m */,
			);
			name = Graphics;
			sourceTree = "<group>";
		};
		55149099114900A200B7E4DA /* Indicators */ = {
			isa = PBXGroup;
			children = (
				5530E13B11406149004E436A /* SCRSymbolicProgressBar.h */,
				5530E13C11406149004E436A /* SCRSymbolicProgressBar.m */,
				5588F71711197177002BF56E /* SCRRatingView.h */,
				5588F71811197177002BF56E /* SCRRatingView.m */,
				5588F75C1119774D002BF56E /* SCRVoiceMeter.h */,
				5588F75D1119774D002BF56E /* SCRVoiceMeter.m */,
			);
			name = Indicators;
			sourceTree = "<group>";
		};
		5514909A114900BC00B7E4DA /* Selectors */ = {
			isa = PBXGroup;
			children = (
				5514909C1149012600B7E4DA /* SCRRadioCell.h */,
				5514909D1149012600B7E4DA /* SCRRadioCell.m */,
				5514909E1149012600B7E4DA /* SCRRadioController.h */,
				5514909F1149012600B7E4DA /* SCRRadioController.m */,
				5501ADF2116F552D0085A394 /* SCRSegmentColorScheme.h */,
				559FC9B2111AE3F500A3A532 /* SCRSegment.h */,
				559FC9B3111AE3F500A3A532 /* SCRSegment.m */,
				559FC9B4111AE3F500A3A532 /* SCRSegmentedControl.h */,
				559FC9B5111AE3F500A3A532 /* SCRSegmentedControl.m */,
			);
			name = Selectors;
			sourceTree = "<group>";
		};
		5514909B114900E400B7E4DA /* TableView Stuff */ = {
			isa = PBXGroup;
			children = (
				5553ADDE114FB58D0088FC57 /* SCRActivityIndicatorCell.h */,
				5553ADDF114FB58D0088FC57 /* SCRActivityIndicatorCell.m */,
				55149456114A74FC00B7E4DA /* SCRFooterLabel.h */,
				55149457114A74FC00B7E4DA /* SCRFooterLabel.m */,
				55FE681912770E750014AD9B /* SCROptionBasket.h */,
				55FE681A12770E750014AD9B /* SCROptionBasket.m */,
				55FE681B12770E750014AD9B /* SCROptionTableController.h */,
				55FE681C12770E750014AD9B /* SCROptionTableController.m */,
				55AD3A4D112D92BD00E70986 /* SCRSwitchCell.h */,
				55AD3A4E112D92BD00E70986 /* SCRSwitchCell.m */,
				55AD3973112D681F00E70986 /* SCRTextFieldCell.h */,
				55AD3974112D681F00E70986 /* SCRTextFieldCell.m */,
			);
			name = "TableView Stuff";
			sourceTree = "<group>";
		};
		5588F79611197DB4002BF56E /* Screen Stuff */ = {
			isa = PBXGroup;
			children = (
				55A55C0C1125E4DF0035CFBA /* SCRTabOrder.h */,
				55A55C0D1125E4DF0035CFBA /* SCRTabOrder.m */,
				5588F75A1119774D002BF56E /* SCRViewSlider.h */,
				5588F75B1119774D002BF56E /* SCRViewSlider.m */,
				55B66081115B7087009F3D3B /* UIActionSheet+SCRMethods.h */,
				55B66082115B7087009F3D3B /* UIActionSheet+SCRMethods.m */,
				555A3A85114D605F0040850F /* UIAlertView+SCRMethods.h */,
				555A3A86114D605F0040850F /* UIAlertView+SCRMethods.m */,
				55031A8311C26ABB00143777 /* UIApplication+UniversalApp.h */,
				55031A8411C26ABB00143777 /* UIApplication+UniversalApp.m */,
				55031B3511C2B03B00143777 /* UIApplication+LocalNotifications.h */,
				55031B3611C2B03B00143777 /* UIApplication+LocalNotifications.m */,
			);
			name = "Screen Stuff";
			sourceTree = "<group>";
		};
		55A1118A1138391F00810178 /* Settings */ = {
			isa = PBXGroup;
			children = (
				55A111A211383C5200810178 /* SCRSettingsService.h */,
				55A111A311383C5200810178 /* SCRSettingsService.m */,
			);
			name = Settings;
			sourceTree = "<group>";
		};
/* End PBXGroup section */

/* Begin PBXHeadersBuildPhase section */
		D2AAC07A0554694100DB518D /* Headers */ = {
			isa = PBXHeadersBuildPhase;
			buildActionMask = 2147483647;
			files = (
				AA747D9F0F9514B9006C5449 /* TouchCustoms_Prefix.pch in Headers */,
				5588F71B11197177002BF56E /* SCRMemoryManagement.h in Headers */,
				5588F71C11197177002BF56E /* SCRRatingView.h in Headers */,
				5588F74C1119773C002BF56E /* SCRGrfx.h in Headers */,
				5588F75E1119774D002BF56E /* SCRViewSlider.h in Headers */,
				5588F7601119774D002BF56E /* SCRVoiceMeter.h in Headers */,
				5588F76611197BBF002BF56E /* NSString+SCRMethods.h in Headers */,
				559FC9B6111AE3F500A3A532 /* SCRSegment.h in Headers */,
				559FC9B8111AE3F500A3A532 /* SCRSegmentedControl.h in Headers */,
				55E466F211203605000B710E /* NSMutableArray+SCRQueue.h in Headers */,
				55E46A471120A786000B710E /* SCRLog.h in Headers */,
				55A55C0E1125E4DF0035CFBA /* SCRTabOrder.h in Headers */,
				55AD3975112D681F00E70986 /* SCRTextFieldCell.h in Headers */,
				55AD3982112D733D00E70986 /* SCRURLConnection.h in Headers */,
				55AD3A4F112D92BD00E70986 /* SCRSwitchCell.h in Headers */,
				55A111A411383C5200810178 /* SCRSettingsService.h in Headers */,
				55A111A811383C5F00810178 /* SCRAppDelegate.h in Headers */,
				5530E13D11406149004E436A /* SCRSymbolicProgressBar.h in Headers */,
				551490A01149012600B7E4DA /* SCRRadioCell.h in Headers */,
				551490A21149012600B7E4DA /* SCRRadioController.h in Headers */,
				55149458114A74FC00B7E4DA /* SCRFooterLabel.h in Headers */,
				555A3A4C114D4FA00040850F /* NSError+SCRMethods.h in Headers */,
				555A3A87114D605F0040850F /* UIAlertView+SCRMethods.h in Headers */,
				5553ADE0114FB58D0088FC57 /* SCRActivityIndicatorCell.h in Headers */,
				55B66083115B7087009F3D3B /* UIActionSheet+SCRMethods.h in Headers */,
				5501ADF3116F552D0085A394 /* SCRSegmentColorScheme.h in Headers */,
				55031A8511C26ABB00143777 /* UIApplication+UniversalApp.h in Headers */,
				55031B3711C2B03B00143777 /* UIApplication+LocalNotifications.h in Headers */,
				55F0B0FF1211EE3600AFFD7E /* NSArray+Linq.h in Headers */,
				55FE681D12770E750014AD9B /* SCROptionBasket.h in Headers */,
				55FE681F12770E750014AD9B /* SCROptionTableController.h in Headers */,
			);
			runOnlyForDeploymentPostprocessing = 0;
		};
/* End PBXHeadersBuildPhase section */

/* Begin PBXNativeTarget section */
		D2AAC07D0554694100DB518D /* TouchCustoms */ = {
			isa = PBXNativeTarget;
			buildConfigurationList = 1DEB921E08733DC00010E9CD /* Build configuration list for PBXNativeTarget "TouchCustoms" */;
			buildPhases = (
				55E6688E113CF8E4003AF287 /* Resources */,
				D2AAC07A0554694100DB518D /* Headers */,
				D2AAC07B0554694100DB518D /* Sources */,
				D2AAC07C0554694100DB518D /* Frameworks */,
			);
			buildRules = (
			);
			dependencies = (
			);
			name = TouchCustoms;
			productName = TouchCustoms;
			productReference = D2AAC07E0554694100DB518D /* libTouchCustoms.a */;
			productType = "com.apple.product-type.library.static";
		};
/* End PBXNativeTarget section */

/* Begin PBXProject section */
		0867D690FE84028FC02AAC07 /* Project object */ = {
			isa = PBXProject;
			attributes = {
				LastUpgradeCheck = 0430;
			};
			buildConfigurationList = 1DEB922208733DC00010E9CD /* Build configuration list for PBXProject "TouchCustoms" */;
			compatibilityVersion = "Xcode 3.2";
			developmentRegion = English;
			hasScannedForEncodings = 1;
			knownRegions = (
				English,
				Japanese,
				French,
				German,
			);
			mainGroup = 0867D691FE84028FC02AAC07 /* TouchCustoms */;
			productRefGroup = 034768DFFF38A50411DB9C8B /* Products */;
			projectDirPath = "";
			projectRoot = "";
			targets = (
				D2AAC07D0554694100DB518D /* TouchCustoms */,
			);
		};
/* End PBXProject section */

/* Begin PBXResourcesBuildPhase section */
		55E6688E113CF8E4003AF287 /* Resources */ = {
			isa = PBXResourcesBuildPhase;
			buildActionMask = 2147483647;
			files = (
			);
			runOnlyForDeploymentPostprocessing = 0;
		};
/* End PBXResourcesBuildPhase section */

/* Begin PBXSourcesBuildPhase section */
		D2AAC07B0554694100DB518D /* Sources */ = {
			isa = PBXSourcesBuildPhase;
			buildActionMask = 2147483647;
			files = (
				5588F71D11197177002BF56E /* SCRRatingView.m in Sources */,
				5588F74D1119773C002BF56E /* SCRGrfx.m in Sources */,
				5588F75F1119774D002BF56E /* SCRViewSlider.m in Sources */,
				5588F7611119774D002BF56E /* SCRVoiceMeter.m in Sources */,
				5588F76711197BBF002BF56E /* NSString+SCRMethods.m in Sources */,
				559FC9B7111AE3F500A3A532 /* SCRSegment.m in Sources */,
				559FC9B9111AE3F500A3A532 /* SCRSegmentedControl.m in Sources */,
				55E466F311203605000B710E /* NSMutableArray+SCRQueue.m in Sources */,
				55A55C0F1125E4DF0035CFBA /* SCRTabOrder.m in Sources */,
				55AD3976112D681F00E70986 /* SCRTextFieldCell.m in Sources */,
				55AD3A50112D92BD00E70986 /* SCRSwitchCell.m in Sources */,
				55A111A511383C5200810178 /* SCRSettingsService.m in Sources */,
				55A111A911383C5F00810178 /* SCRAppDelegate.m in Sources */,
				5530E13E11406149004E436A /* SCRSymbolicProgressBar.m in Sources */,
				551490A11149012600B7E4DA /* SCRRadioCell.m in Sources */,
				551490A31149012600B7E4DA /* SCRRadioController.m in Sources */,
				55149459114A74FC00B7E4DA /* SCRFooterLabel.m in Sources */,
				555A3A4D114D4FA00040850F /* NSError+SCRMethods.m in Sources */,
				555A3A88114D605F0040850F /* UIAlertView+SCRMethods.m in Sources */,
				5553ADE1114FB58D0088FC57 /* SCRActivityIndicatorCell.m in Sources */,
				55B66084115B7087009F3D3B /* UIActionSheet+SCRMethods.m in Sources */,
				55031A8611C26ABB00143777 /* UIApplication+UniversalApp.m in Sources */,
				55031B3811C2B03B00143777 /* UIApplication+LocalNotifications.m in Sources */,
				55F0B1001211EE3600AFFD7E /* NSArray+Linq.m in Sources */,
				55FE681E12770E750014AD9B /* SCROptionBasket.m in Sources */,
				55FE682012770E750014AD9B /* SCROptionTableController.m in Sources */,
				55DDE2D413D8AD0100E000F2 /* SCRURLConnection.m in Sources */,
			);
			runOnlyForDeploymentPostprocessing = 0;
		};
/* End PBXSourcesBuildPhase section */

/* Begin XCBuildConfiguration section */
		1DEB921F08733DC00010E9CD /* Debug */ = {
			isa = XCBuildConfiguration;
			buildSettings = {
				ALWAYS_SEARCH_USER_PATHS = NO;
				ARCHS = (
					armv7,
					armv6,
				);
				COPY_PHASE_STRIP = NO;
				DSTROOT = /tmp/TouchCustoms.dst;
				GCC_DYNAMIC_NO_PIC = NO;
				GCC_MODEL_TUNING = G5;
				GCC_OPTIMIZATION_LEVEL = 0;
				GCC_PRECOMPILE_PREFIX_HEADER = YES;
				GCC_PREFIX_HEADER = TouchCustoms_Prefix.pch;
				GCC_PREPROCESSOR_DEFINITIONS = "SC_LOG_LEVEL=2";
				GCC_THUMB_SUPPORT = NO;
				INSTALL_PATH = /usr/local/lib;
				IPHONEOS_DEPLOYMENT_TARGET = 5.0;
				ONLY_ACTIVE_ARCH = NO;
				PRODUCT_NAME = TouchCustoms;
				SDKROOT = iphoneos;
				TARGETED_DEVICE_FAMILY = "1,2";
				VALID_ARCHS = "armv6 armv7 armv7f armv7k i386";
			};
			name = Debug;
		};
		1DEB922008733DC00010E9CD /* Release */ = {
			isa = XCBuildConfiguration;
			buildSettings = {
				ALWAYS_SEARCH_USER_PATHS = NO;
				ARCHS = (
					armv7,
					armv6,
				);
				DSTROOT = /tmp/TouchCustoms.dst;
				GCC_MODEL_TUNING = G5;
				GCC_PRECOMPILE_PREFIX_HEADER = YES;
				GCC_PREFIX_HEADER = TouchCustoms_Prefix.pch;
				GCC_PREPROCESSOR_DEFINITIONS = "SC_LOG_LEVEL=2";
				GCC_THUMB_SUPPORT = NO;
				INSTALL_PATH = /usr/local/lib;
				IPHONEOS_DEPLOYMENT_TARGET = 5.0;
				PRODUCT_NAME = TouchCustoms;
				TARGETED_DEVICE_FAMILY = "1,2";
				VALID_ARCHS = "armv6 armv7 armv7f armv7k i386";
			};
			name = Release;
		};
		1DEB922308733DC00010E9CD /* Debug */ = {
			isa = XCBuildConfiguration;
			buildSettings = {
				ARCHS = (
					armv7,
					armv6,
				);
				GCC_C_LANGUAGE_STANDARD = c99;
				GCC_OPTIMIZATION_LEVEL = 0;
				GCC_THUMB_SUPPORT = NO;
				GCC_WARN_ABOUT_MISSING_NEWLINE = YES;
				GCC_WARN_ABOUT_MISSING_PROTOTYPES = YES;
				GCC_WARN_ABOUT_RETURN_TYPE = YES;
				GCC_WARN_CHECK_SWITCH_STATEMENTS = YES;
				GCC_WARN_MISSING_PARENTHESES = YES;
				GCC_WARN_UNKNOWN_PRAGMAS = YES;
				GCC_WARN_UNUSED_VARIABLE = YES;
				OTHER_LDFLAGS = "-ObjC";
				SDKROOT = iphoneos;
			};
			name = Debug;
		};
		1DEB922408733DC00010E9CD /* Release */ = {
			isa = XCBuildConfiguration;
			buildSettings = {
				ARCHS = (
					armv7,
					armv6,
				);
				GCC_C_LANGUAGE_STANDARD = c99;
				GCC_THUMB_SUPPORT = NO;
				GCC_WARN_ABOUT_MISSING_NEWLINE = YES;
				GCC_WARN_ABOUT_MISSING_PROTOTYPES = YES;
				GCC_WARN_ABOUT_RETURN_TYPE = YES;
				GCC_WARN_CHECK_SWITCH_STATEMENTS = YES;
				GCC_WARN_MISSING_PARENTHESES = YES;
				GCC_WARN_UNKNOWN_PRAGMAS = YES;
				GCC_WARN_UNUSED_VARIABLE = YES;
				OTHER_LDFLAGS = "-ObjC";
				SDKROOT = iphoneos;
			};
			name = Release;
		};
/* End XCBuildConfiguration section */

/* Begin XCConfigurationList section */
		1DEB921E08733DC00010E9CD /* Build configuration list for PBXNativeTarget "TouchCustoms" */ = {
			isa = XCConfigurationList;
			buildConfigurations = (
				1DEB921F08733DC00010E9CD /* Debug */,
				1DEB922008733DC00010E9CD /* Release */,
			);
			defaultConfigurationIsVisible = 0;
			defaultConfigurationName = Release;
		};
		1DEB922208733DC00010E9CD /* Build configuration list for PBXProject "TouchCustoms" */ = {
			isa = XCConfigurationList;
			buildConfigurations = (
				1DEB922308733DC00010E9CD /* Debug */,
				1DEB922408733DC00010E9CD /* Release */,
			);
			defaultConfigurationIsVisible = 0;
			defaultConfigurationName = Release;
		};
/* End XCConfigurationList section */
	};
	rootObject = 0867D690FE84028FC02AAC07 /* Project object */;
}
